
Microsoft Visual Studio Solution File, Format Version 12.00
# Visual Studio Version 17
VisualStudioVersion = 17.10.34902.84
MinimumVisualStudioVersion = 10.0.40219.1
Project("{9A19103F-16F7-4668-BE54-9A1E7A4F7556}") = "ECommerce_API", "ECommerce_API\ECommerce_API.csproj", "{3736CF33-6F4C-46F9-A845-B5182B1567EC}"
EndProject
Global
	GlobalSection(SolutionConfigurationPlatforms) = preSolution
		Debug|Any CPU = Debug|Any CPU
		Release|Any CPU = Release|Any CPU
	EndGlobalSection
	GlobalSection(ProjectConfigurationPlatforms) = postSolution
		{3736CF33-6F4C-46F9-A845-B5182B1567EC}.Debug|Any CPU.ActiveCfg = Debug|Any CPU
		{3736CF33-6F4C-46F9-A845-B5182B1567EC}.Debug|Any CPU.Build.0 = Debug|Any CPU
		{3736CF33-6F4C-46F9-A845-B5182B1567EC}.Release|Any CPU.ActiveCfg = Release|Any CPU
		{3736CF33-6F4C-46F9-A845-B5182B1567EC}.Release|Any CPU.Build.0 = Release|Any CPU
	EndGlobalSection
	GlobalSection(SolutionProperties) = preSolution
		HideSolutionNode = FALSE
	EndGlobalSection
	GlobalSection(ExtensibilityGlobals) = postSolution
		SolutionGuid = {333B802F-77F2-4488-AEB0-F0E84DA67676}
	EndGlobalSection
EndGlobal
